<?xml version="1.0" encoding="utf-8"?>
<Project ToolsVersion="4.0" xmlns="http://schemas.microsoft.com/developer/msbuild/2003">
  <ItemGroup>
    <ClCompile Include="$(MSBuildThisFileDirectory)WBEntity.cpp">
      <Filter>frequently-used</Filter>
    </ClCompile>
    <ClCompile Include="$(MSBuildThisFileDirectory)WBGameObject.cpp">
      <Filter>game-object</Filter>
    </ClCompile>
    <ClCompile Include="$(MSBuildThisFileDirectory)WBScene.cpp">
      <Filter>scene</Filter>
    </ClCompile>
    <ClCompile Include="$(MSBuildThisFileDirectory)WBSceneManager.cpp">
      <Filter>scene</Filter>
    </ClCompile>
    <ClCompile Include="$(MSBuildThisFileDirectory)WBApplication.cpp">
      <Filter>window-settings</Filter>
    </ClCompile>
    <ClCompile Include="$(MSBuildThisFileDirectory)WBInput.cpp">
      <Filter>helper</Filter>
    </ClCompile>
    <ClCompile Include="$(MSBuildThisFileDirectory)WBTime.cpp">
      <Filter>helper</Filter>
    </ClCompile>
    <ClCompile Include="$(MSBuildThisFileDirectory)WBLayer.cpp">
      <Filter>layer</Filter>
    </ClCompile>
    <ClCompile Include="$(MSBuildThisFileDirectory)WBTexture.cpp">
      <Filter>resource\texture</Filter>
    </ClCompile>
    <ClCompile Include="$(MSBuildThisFileDirectory)WBResource.cpp">
      <Filter>resource</Filter>
    </ClCompile>
    <ClCompile Include="$(MSBuildThisFileDirectory)WBResources.cpp">
      <Filter>resource</Filter>
    </ClCompile>
    <ClCompile Include="$(MSBuildThisFileDirectory)WBMath.cpp">
      <Filter>frequently-used</Filter>
    </ClCompile>
    <ClCompile Include="$(MSBuildThisFileDirectory)WBSpriteRenderer.cpp">
      <Filter>component\sprite-renderer</Filter>
    </ClCompile>
    <ClCompile Include="$(MSBuildThisFileDirectory)WBTransform.cpp">
      <Filter>component\transform</Filter>
    </ClCompile>
    <ClCompile Include="$(MSBuildThisFileDirectory)WBScript.cpp">
      <Filter>component\script</Filter>
    </ClCompile>
    <ClCompile Include="$(MSBuildThisFileDirectory)WBCamera.cpp">
      <Filter>component\camera</Filter>
    </ClCompile>
    <ClCompile Include="$(MSBuildThisFileDirectory)WBRenderer.cpp">
      <Filter>renderer</Filter>
    </ClCompile>
    <ClCompile Include="$(MSBuildThisFileDirectory)WBComponent.cpp">
      <Filter>component\component</Filter>
    </ClCompile>
    <ClCompile Include="$(MSBuildThisFileDirectory)WBAnimation.cpp">
      <Filter>component\animator</Filter>
    </ClCompile>
    <ClCompile Include="$(MSBuildThisFileDirectory)WBAnimator.cpp">
      <Filter>component\animator</Filter>
    </ClCompile>
    <ClCompile Include="$(MSBuildThisFileDirectory)WBTilemapRenderer.cpp">
      <Filter>component\tilemap-renderer</Filter>
    </ClCompile>
    <ClCompile Include="$(MSBuildThisFileDirectory)WBCollider.cpp">
      <Filter>component\collider</Filter>
    </ClCompile>
    <ClCompile Include="$(MSBuildThisFileDirectory)WBBoxCollider2D.cpp">
      <Filter>component\collider</Filter>
    </ClCompile>
    <ClCompile Include="$(MSBuildThisFileDirectory)WBCircleCollider2D.cpp">
      <Filter>component\collider</Filter>
    </ClCompile>
    <ClCompile Include="$(MSBuildThisFileDirectory)WBCollisionManager.cpp">
      <Filter>component\collider</Filter>
    </ClCompile>
  </ItemGroup>
  <ItemGroup>
    <ClInclude Include="$(MSBuildThisFileDirectory)common_include.h">
      <Filter>frequently-used</Filter>
    </ClInclude>
    <ClInclude Include="$(MSBuildThisFileDirectory)WBEntity.h">
      <Filter>frequently-used</Filter>
    </ClInclude>
    <ClInclude Include="$(MSBuildThisFileDirectory)WBGameObject.h">
      <Filter>game-object</Filter>
    </ClInclude>
    <ClInclude Include="$(MSBuildThisFileDirectory)WBScene.h">
      <Filter>scene</Filter>
    </ClInclude>
    <ClInclude Include="$(MSBuildThisFileDirectory)WBSceneManager.h">
      <Filter>scene</Filter>
    </ClInclude>
    <ClInclude Include="$(MSBuildThisFileDirectory)WBApplication.h">
      <Filter>window-settings</Filter>
    </ClInclude>
    <ClInclude Include="$(MSBuildThisFileDirectory)WBInput.h">
      <Filter>helper</Filter>
    </ClInclude>
    <ClInclude Include="$(MSBuildThisFileDirectory)WBTime.h">
      <Filter>helper</Filter>
    </ClInclude>
    <ClInclude Include="$(MSBuildThisFileDirectory)WBMath.h">
      <Filter>frequently-used</Filter>
    </ClInclude>
    <ClInclude Include="$(MSBuildThisFileDirectory)WBLayer.h">
      <Filter>layer</Filter>
    </ClInclude>
    <ClInclude Include="$(MSBuildThisFileDirectory)WBEnum.h">
      <Filter>frequently-used</Filter>
    </ClInclude>
    <ClInclude Include="$(MSBuildThisFileDirectory)WBObject.h">
      <Filter>frequently-used</Filter>
    </ClInclude>
    <ClInclude Include="$(MSBuildThisFileDirectory)WBTexture.h">
      <Filter>resource\texture</Filter>
    </ClInclude>
    <ClInclude Include="$(MSBuildThisFileDirectory)WBResource.h">
      <Filter>resource</Filter>
    </ClInclude>
    <ClInclude Include="$(MSBuildThisFileDirectory)WBResources.h">
      <Filter>resource</Filter>
    </ClInclude>
    <ClInclude Include="$(MSBuildThisFileDirectory)WBSpriteRenderer.h">
      <Filter>component\sprite-renderer</Filter>
    </ClInclude>
    <ClInclude Include="$(MSBuildThisFileDirectory)WBTransform.h">
      <Filter>component\transform</Filter>
    </ClInclude>
    <ClInclude Include="$(MSBuildThisFileDirectory)WBScript.h">
      <Filter>component\script</Filter>
    </ClInclude>
    <ClInclude Include="$(MSBuildThisFileDirectory)WBCamera.h">
      <Filter>component\camera</Filter>
    </ClInclude>
    <ClInclude Include="$(MSBuildThisFileDirectory)WBRenderer.h">
      <Filter>renderer</Filter>
    </ClInclude>
    <ClInclude Include="$(MSBuildThisFileDirectory)WBComponent.h">
      <Filter>component\component</Filter>
    </ClInclude>
    <ClInclude Include="$(MSBuildThisFileDirectory)WBAnimation.h">
      <Filter>component\animator</Filter>
    </ClInclude>
    <ClInclude Include="$(MSBuildThisFileDirectory)WBAnimator.h">
      <Filter>component\animator</Filter>
    </ClInclude>
    <ClInclude Include="$(MSBuildThisFileDirectory)WBTilemapRenderer.h">
      <Filter>component\tilemap-renderer</Filter>
    </ClInclude>
    <ClInclude Include="$(MSBuildThisFileDirectory)WBCollider.h">
      <Filter>component\collider</Filter>
    </ClInclude>
    <ClInclude Include="$(MSBuildThisFileDirectory)WBCircleCollider2D.h">
      <Filter>component\collider</Filter>
    </ClInclude>
    <ClInclude Include="$(MSBuildThisFileDirectory)WBBoxCollider2D.h">
      <Filter>component\collider</Filter>
    </ClInclude>
    <ClInclude Include="$(MSBuildThisFileDirectory)WBCollisionManager.h">
      <Filter>component\collider</Filter>
    </ClInclude>
  </ItemGroup>
  <ItemGroup>
    <Filter Include="frequently-used">
      <UniqueIdentifier>{683c170b-b309-4542-a170-23f90ec4bbb1}</UniqueIdentifier>
    </Filter>
    <Filter Include="game-object">
      <UniqueIdentifier>{86933ce3-89e8-4a41-8efd-747b53626fe4}</UniqueIdentifier>
    </Filter>
    <Filter Include="helper">
      <UniqueIdentifier>{ab81f46c-896d-4f92-9eeb-c64ee1b45fd0}</UniqueIdentifier>
    </Filter>
    <Filter Include="layer">
      <UniqueIdentifier>{238e93dc-2d24-4b63-b637-2790069e289c}</UniqueIdentifier>
    </Filter>
    <Filter Include="scene">
      <UniqueIdentifier>{4db5d664-3afc-4cf7-b5a4-d886eff61962}</UniqueIdentifier>
    </Filter>
    <Filter Include="window-settings">
      <UniqueIdentifier>{775d9d51-9427-43fa-a474-b4863f3817e4}</UniqueIdentifier>
    </Filter>
    <Filter Include="resource">
      <UniqueIdentifier>{f2ebb5a7-52af-4ba0-a60b-b5584a88d756}</UniqueIdentifier>
    </Filter>
    <Filter Include="resource\texture">
      <UniqueIdentifier>{2a94effb-1655-4935-bc5b-fa80e2f9f82c}</UniqueIdentifier>
    </Filter>
    <Filter Include="component">
      <UniqueIdentifier>{a8f474f9-9374-488b-99cd-9025df12f028}</UniqueIdentifier>
    </Filter>
    <Filter Include="component\sprite-renderer">
      <UniqueIdentifier>{a7107df9-bcfd-4a26-ac5b-0673b1ae0428}</UniqueIdentifier>
    </Filter>
    <Filter Include="component\transform">
      <UniqueIdentifier>{a33f6c76-8f82-4f39-a9dc-b5a72948dc87}</UniqueIdentifier>
    </Filter>
    <Filter Include="component\script">
      <UniqueIdentifier>{6fa6aa1b-a162-4c05-a297-202f4ef487bf}</UniqueIdentifier>
    </Filter>
    <Filter Include="component\camera">
      <UniqueIdentifier>{407699a9-33cf-4c25-a848-b11b35a4f360}</UniqueIdentifier>
    </Filter>
    <Filter Include="renderer">
      <UniqueIdentifier>{78e82d95-29b3-4df3-b2bb-0db0dd3485e8}</UniqueIdentifier>
    </Filter>
    <Filter Include="component\component">
      <UniqueIdentifier>{00614218-2b70-4477-bfc5-6f4b1d9ffe40}</UniqueIdentifier>
    </Filter>
    <Filter Include="component\animator">
      <UniqueIdentifier>{cdfeacdd-ddb5-4b95-85ec-cb6ea6fc4a54}</UniqueIdentifier>
    </Filter>
    <Filter Include="component\tilemap-renderer">
      <UniqueIdentifier>{1c06a4eb-ba5c-4bf6-9270-42bfcd176f86}</UniqueIdentifier>
    </Filter>
    <Filter Include="component\collider">
      <UniqueIdentifier>{4e62b856-4c29-445a-bff9-1d0e683dde25}</UniqueIdentifier>
    </Filter>
  </ItemGroup>
</Project>