<?xml version="1.0" encoding="utf-8"?>
<Project ToolsVersion="4.0" xmlns="http://schemas.microsoft.com/developer/msbuild/2003">
  <ItemGroup>
    <ClCompile Include="$(MSBuildThisFileDirectory)WBEntity.cpp">
      <Filter>frequently-used</Filter>
    </ClCompile>
    <ClCompile Include="$(MSBuildThisFileDirectory)WBGameObject.cpp">
      <Filter>game-object</Filter>
    </ClCompile>
    <ClCompile Include="$(MSBuildThisFileDirectory)WBScene.cpp">
      <Filter>scene</Filter>
    </ClCompile>
    <ClCompile Include="$(MSBuildThisFileDirectory)WBSceneManager.cpp">
      <Filter>scene</Filter>
    </ClCompile>
    <ClCompile Include="$(MSBuildThisFileDirectory)WBTransform.cpp">
      <Filter>component</Filter>
    </ClCompile>
    <ClCompile Include="$(MSBuildThisFileDirectory)WBComponent.cpp">
      <Filter>component</Filter>
    </ClCompile>
    <ClCompile Include="$(MSBuildThisFileDirectory)WBApplication.cpp">
      <Filter>window-settings</Filter>
    </ClCompile>
    <ClCompile Include="$(MSBuildThisFileDirectory)WBInput.cpp">
      <Filter>helper</Filter>
    </ClCompile>
    <ClCompile Include="$(MSBuildThisFileDirectory)WBTime.cpp">
      <Filter>helper</Filter>
    </ClCompile>
    <ClCompile Include="$(MSBuildThisFileDirectory)WBSpriteRenderer.cpp">
      <Filter>component</Filter>
    </ClCompile>
    <ClCompile Include="$(MSBuildThisFileDirectory)WBLayer.cpp">
      <Filter>layer</Filter>
    </ClCompile>
    <ClCompile Include="$(MSBuildThisFileDirectory)WBTexture.cpp">
      <Filter>resource\texture</Filter>
    </ClCompile>
    <ClCompile Include="$(MSBuildThisFileDirectory)WBResource.cpp">
      <Filter>resource</Filter>
    </ClCompile>
    <ClCompile Include="$(MSBuildThisFileDirectory)WBResources.cpp">
      <Filter>resource</Filter>
    </ClCompile>
    <ClCompile Include="$(MSBuildThisFileDirectory)WBMath.cpp">
      <Filter>frequently-used</Filter>
    </ClCompile>
  </ItemGroup>
  <ItemGroup>
    <ClInclude Include="$(MSBuildThisFileDirectory)common_include.h">
      <Filter>frequently-used</Filter>
    </ClInclude>
    <ClInclude Include="$(MSBuildThisFileDirectory)WBEntity.h">
      <Filter>frequently-used</Filter>
    </ClInclude>
    <ClInclude Include="$(MSBuildThisFileDirectory)WBGameObject.h">
      <Filter>game-object</Filter>
    </ClInclude>
    <ClInclude Include="$(MSBuildThisFileDirectory)WBScene.h">
      <Filter>scene</Filter>
    </ClInclude>
    <ClInclude Include="$(MSBuildThisFileDirectory)WBSceneManager.h">
      <Filter>scene</Filter>
    </ClInclude>
    <ClInclude Include="$(MSBuildThisFileDirectory)WBTransform.h">
      <Filter>component</Filter>
    </ClInclude>
    <ClInclude Include="$(MSBuildThisFileDirectory)WBComponent.h">
      <Filter>component</Filter>
    </ClInclude>
    <ClInclude Include="$(MSBuildThisFileDirectory)WBApplication.h">
      <Filter>window-settings</Filter>
    </ClInclude>
    <ClInclude Include="$(MSBuildThisFileDirectory)WBInput.h">
      <Filter>helper</Filter>
    </ClInclude>
    <ClInclude Include="$(MSBuildThisFileDirectory)WBTime.h">
      <Filter>helper</Filter>
    </ClInclude>
    <ClInclude Include="$(MSBuildThisFileDirectory)WBSpriteRenderer.h">
      <Filter>component</Filter>
    </ClInclude>
    <ClInclude Include="$(MSBuildThisFileDirectory)WBMath.h">
      <Filter>frequently-used</Filter>
    </ClInclude>
    <ClInclude Include="$(MSBuildThisFileDirectory)WBLayer.h">
      <Filter>layer</Filter>
    </ClInclude>
    <ClInclude Include="$(MSBuildThisFileDirectory)WBEnum.h">
      <Filter>frequently-used</Filter>
    </ClInclude>
    <ClInclude Include="$(MSBuildThisFileDirectory)WBObject.h">
      <Filter>frequently-used</Filter>
    </ClInclude>
    <ClInclude Include="$(MSBuildThisFileDirectory)WBTexture.h">
      <Filter>resource\texture</Filter>
    </ClInclude>
    <ClInclude Include="$(MSBuildThisFileDirectory)WBResource.h">
      <Filter>resource</Filter>
    </ClInclude>
    <ClInclude Include="$(MSBuildThisFileDirectory)WBResources.h">
      <Filter>resource</Filter>
    </ClInclude>
  </ItemGroup>
  <ItemGroup>
    <Filter Include="frequently-used">
      <UniqueIdentifier>{683c170b-b309-4542-a170-23f90ec4bbb1}</UniqueIdentifier>
    </Filter>
    <Filter Include="component">
      <UniqueIdentifier>{a8f474f9-9374-488b-99cd-9025df12f028}</UniqueIdentifier>
    </Filter>
    <Filter Include="game-object">
      <UniqueIdentifier>{86933ce3-89e8-4a41-8efd-747b53626fe4}</UniqueIdentifier>
    </Filter>
    <Filter Include="helper">
      <UniqueIdentifier>{ab81f46c-896d-4f92-9eeb-c64ee1b45fd0}</UniqueIdentifier>
    </Filter>
    <Filter Include="layer">
      <UniqueIdentifier>{238e93dc-2d24-4b63-b637-2790069e289c}</UniqueIdentifier>
    </Filter>
    <Filter Include="scene">
      <UniqueIdentifier>{4db5d664-3afc-4cf7-b5a4-d886eff61962}</UniqueIdentifier>
    </Filter>
    <Filter Include="window-settings">
      <UniqueIdentifier>{775d9d51-9427-43fa-a474-b4863f3817e4}</UniqueIdentifier>
    </Filter>
    <Filter Include="resource">
      <UniqueIdentifier>{f2ebb5a7-52af-4ba0-a60b-b5584a88d756}</UniqueIdentifier>
    </Filter>
    <Filter Include="resource\texture">
      <UniqueIdentifier>{2a94effb-1655-4935-bc5b-fa80e2f9f82c}</UniqueIdentifier>
    </Filter>
  </ItemGroup>
</Project>