<?xml version="1.0" encoding="utf-8"?>
<Project ToolsVersion="4.0" xmlns="http://schemas.microsoft.com/developer/msbuild/2003">
  <ItemGroup>
    <Filter Include="Source Files">
      <UniqueIdentifier>{4FC737F1-C7A5-4376-A066-2A32D752A2FF}</UniqueIdentifier>
      <Extensions>cpp;c;cc;cxx;c++;cppm;ixx;def;odl;idl;hpj;bat;asm;asmx</Extensions>
    </Filter>
    <Filter Include="Resource Files">
      <UniqueIdentifier>{67DA6AB6-F800-4c08-8B7A-83BB121AAD01}</UniqueIdentifier>
      <Extensions>rc;ico;cur;bmp;dlg;rc2;rct;bin;rgs;gif;jpg;jpeg;jpe;resx;tiff;tif;png;wav;mfcribbon-ms</Extensions>
    </Filter>
    <Filter Include="Source Files\scene">
      <UniqueIdentifier>{db79e7a5-e4d5-4a2b-a7ee-d492d42c2dee}</UniqueIdentifier>
    </Filter>
    <Filter Include="Source Files\content">
      <UniqueIdentifier>{799472f5-604c-4825-bb4d-3a3cc036a889}</UniqueIdentifier>
    </Filter>
    <Filter Include="Source Files\content\player">
      <UniqueIdentifier>{e0644ba6-ccba-47b1-9dfd-d066b0f7fa52}</UniqueIdentifier>
    </Filter>
    <Filter Include="Source Files\content\animal">
      <UniqueIdentifier>{7a31abd4-ba15-4602-b38f-9aace1fbaea4}</UniqueIdentifier>
    </Filter>
    <Filter Include="Source Files\script">
      <UniqueIdentifier>{5c950f36-86bd-4eba-9d56-c8312243a8a5}</UniqueIdentifier>
    </Filter>
    <Filter Include="Source Files\script\player">
      <UniqueIdentifier>{c96c1b11-e26c-4f7c-b1d7-f42a8dc02bd6}</UniqueIdentifier>
    </Filter>
    <Filter Include="Source Files\content\animal\cat">
      <UniqueIdentifier>{105d640d-f03e-4f12-98e1-7573aeacc089}</UniqueIdentifier>
    </Filter>
    <Filter Include="Source Files\script\animal">
      <UniqueIdentifier>{c667ac5d-46e6-4e1b-a5ff-84b484303603}</UniqueIdentifier>
    </Filter>
    <Filter Include="Source Files\script\animal\cat">
      <UniqueIdentifier>{9b125bec-c4a3-4f47-b60f-c4658abe4218}</UniqueIdentifier>
    </Filter>
    <Filter Include="Source Files\scene\2.intro">
      <UniqueIdentifier>{e917f4cf-fd72-416b-9279-7b6d0873927a}</UniqueIdentifier>
    </Filter>
    <Filter Include="Source Files\scene\3.play">
      <UniqueIdentifier>{64b33332-18dc-40e5-9b3a-e8cd7444908a}</UniqueIdentifier>
    </Filter>
    <Filter Include="Source Files\scene\4.ending">
      <UniqueIdentifier>{71c0fefb-c482-4440-ad38-b9da7a7e576f}</UniqueIdentifier>
    </Filter>
    <Filter Include="Source Files\scene\1.title">
      <UniqueIdentifier>{7ab12a0e-1a29-436e-b781-da112d1d94e9}</UniqueIdentifier>
    </Filter>
    <Filter Include="Source Files\scene\3.play\farm">
      <UniqueIdentifier>{beb1b562-075a-4e00-b17b-6b2bb0fcfb5c}</UniqueIdentifier>
    </Filter>
    <Filter Include="Source Files\scene\3.play\sewer">
      <UniqueIdentifier>{b4ec524b-964b-4c67-9ddb-cd35f07ac9fd}</UniqueIdentifier>
    </Filter>
    <Filter Include="Source Files\scene\3.play\pelican-town">
      <UniqueIdentifier>{55387ae3-1263-4cc7-9618-98d78785898e}</UniqueIdentifier>
    </Filter>
    <Filter Include="Source Files\scene\3.play\bus-stop">
      <UniqueIdentifier>{976ebae2-0c27-4a50-9c4b-efb37a81bc34}</UniqueIdentifier>
    </Filter>
    <Filter Include="Source Files\scene\3.play\farm\farmhouse">
      <UniqueIdentifier>{39d6aaca-f216-444d-aa11-903cf4f5423a}</UniqueIdentifier>
    </Filter>
    <Filter Include="Source Files\scene\3.play\farm\ranch-of-marnie">
      <UniqueIdentifier>{0af24d59-a7ce-47c0-9661-280d1d53fca4}</UniqueIdentifier>
    </Filter>
    <Filter Include="Source Files\scene\3.play\farm\secret-woods">
      <UniqueIdentifier>{8208b6f7-0ed2-4009-a2a3-adf113cda530}</UniqueIdentifier>
    </Filter>
    <Filter Include="Source Files\scene\3.play\farm\shop-of-carpenter">
      <UniqueIdentifier>{bb4acc3a-3529-459d-b0f1-61a41cb26799}</UniqueIdentifier>
    </Filter>
    <Filter Include="Source Files\scene\3.play\farm\farm">
      <UniqueIdentifier>{5dc4928f-be45-4419-b2f4-614dc65ad5e6}</UniqueIdentifier>
    </Filter>
    <Filter Include="Source Files\scene\3.play\pelican-town\blacksmith">
      <UniqueIdentifier>{f3165592-4c8e-4528-bcb3-45b119047c1c}</UniqueIdentifier>
    </Filter>
    <Filter Include="Source Files\scene\3.play\pelican-town\general-store-of-pierre">
      <UniqueIdentifier>{32e5b381-0459-493b-9e42-23fa56d5ec50}</UniqueIdentifier>
    </Filter>
    <Filter Include="Source Files\scene\3.play\pelican-town\joja-mart">
      <UniqueIdentifier>{2f91528c-fec8-4e34-8836-2fb020d9f2ac}</UniqueIdentifier>
    </Filter>
    <Filter Include="Source Files\scene\3.play\pelican-town\pelican-town">
      <UniqueIdentifier>{d9e9153a-1f4a-420f-89f1-31aa5ae6cd67}</UniqueIdentifier>
    </Filter>
    <Filter Include="Source Files\scene\3.play\pelican-town\restored-community-center">
      <UniqueIdentifier>{82ef678c-1b84-4b29-8db6-05ea35d1f347}</UniqueIdentifier>
    </Filter>
    <Filter Include="Source Files\scene\3.play\pelican-town\stardrop-saloon">
      <UniqueIdentifier>{903ea852-cbce-400a-a3e5-a04b10c23e99}</UniqueIdentifier>
    </Filter>
    <Filter Include="Source Files\scene\2.intro\zuzu-city">
      <UniqueIdentifier>{dabb8b02-c41d-4099-be3b-46871dd4bc9c}</UniqueIdentifier>
    </Filter>
    <Filter Include="Source Files\scene\2.intro\theater-screen">
      <UniqueIdentifier>{546e3a85-9ee7-4a9d-b276-4c459be0af6c}</UniqueIdentifier>
    </Filter>
    <Filter Include="Source Files\scene\2.intro\joja-corporation">
      <UniqueIdentifier>{898f9c60-e0c3-4b8e-b00a-f5bd078de49e}</UniqueIdentifier>
    </Filter>
    <Filter Include="Source Files\scene\2.intro\bus">
      <UniqueIdentifier>{798febba-5b67-49d1-8141-3331362534a2}</UniqueIdentifier>
    </Filter>
    <Filter Include="Source Files\scene\2.intro\stardew-valley">
      <UniqueIdentifier>{5f2e818d-bbb1-4ebe-9fba-ac3ea5415509}</UniqueIdentifier>
    </Filter>
  </ItemGroup>
  <ItemGroup>
    <ClInclude Include="WBLoadResources.h">
      <Filter>Source Files</Filter>
    </ClInclude>
    <ClInclude Include="WBCatScript.h">
      <Filter>Source Files\script\animal\cat</Filter>
    </ClInclude>
    <ClInclude Include="WBLoadScenes.h">
      <Filter>Source Files\scene</Filter>
    </ClInclude>
    <ClInclude Include="WBPlayer.h">
      <Filter>Source Files\content\player</Filter>
    </ClInclude>
    <ClInclude Include="WBPlayerScript.h">
      <Filter>Source Files\script\player</Filter>
    </ClInclude>
    <ClInclude Include="WBCat.h">
      <Filter>Source Files\content\animal\cat</Filter>
    </ClInclude>
    <ClInclude Include="WBTitleScene.h">
      <Filter>Source Files\scene\1.title</Filter>
    </ClInclude>
    <ClInclude Include="WBLoadingTitleScene.h">
      <Filter>Source Files\scene\1.title</Filter>
    </ClInclude>
    <ClInclude Include="WBSewerScene.h">
      <Filter>Source Files\scene\3.play\sewer</Filter>
    </ClInclude>
    <ClInclude Include="WBGateSewerScene.h">
      <Filter>Source Files\scene\3.play\sewer</Filter>
    </ClInclude>
    <ClInclude Include="WBBeachScene.h">
      <Filter>Source Files\scene\4.ending</Filter>
    </ClInclude>
    <ClInclude Include="WBTheaterScreenScene.h">
      <Filter>Source Files\scene\4.ending</Filter>
    </ClInclude>
    <ClInclude Include="WBTheaterBoxOfficeScene.h">
      <Filter>Source Files\scene\4.ending</Filter>
    </ClInclude>
    <ClInclude Include="WBBusStopScene.h">
      <Filter>Source Files\scene\3.play\bus-stop</Filter>
    </ClInclude>
    <ClInclude Include="WBFarmhouseScene.h">
      <Filter>Source Files\scene\3.play\farm\farmhouse</Filter>
    </ClInclude>
    <ClInclude Include="WBRanchOfMarnieScene.h">
      <Filter>Source Files\scene\3.play\farm\ranch-of-marnie</Filter>
    </ClInclude>
    <ClInclude Include="WBSecretWoodsScene.h">
      <Filter>Source Files\scene\3.play\farm\secret-woods</Filter>
    </ClInclude>
    <ClInclude Include="WBShopOfCarpenterScene.h">
      <Filter>Source Files\scene\3.play\farm\shop-of-carpenter</Filter>
    </ClInclude>
    <ClInclude Include="WBFarmUpScene.h">
      <Filter>Source Files\scene\3.play\farm\farm</Filter>
    </ClInclude>
    <ClInclude Include="WBFarmDownScene.h">
      <Filter>Source Files\scene\3.play\farm\farm</Filter>
    </ClInclude>
    <ClInclude Include="WBBlacksmithScene.h">
      <Filter>Source Files\scene\3.play\pelican-town\blacksmith</Filter>
    </ClInclude>
    <ClInclude Include="WBGeneralStoreOfPierreScene.h">
      <Filter>Source Files\scene\3.play\pelican-town\general-store-of-pierre</Filter>
    </ClInclude>
    <ClInclude Include="WBJojaMartScene.h">
      <Filter>Source Files\scene\3.play\pelican-town\joja-mart</Filter>
    </ClInclude>
    <ClInclude Include="WBPelicanTownScene.h">
      <Filter>Source Files\scene\3.play\pelican-town\pelican-town</Filter>
    </ClInclude>
    <ClInclude Include="WBRestoredCommunityCenterScene.h">
      <Filter>Source Files\scene\3.play\pelican-town\restored-community-center</Filter>
    </ClInclude>
    <ClInclude Include="WBStardropSaloonScene.h">
      <Filter>Source Files\scene\3.play\pelican-town\stardrop-saloon</Filter>
    </ClInclude>
    <ClInclude Include="WBIntroTheaterSreenScene.h">
      <Filter>Source Files\scene\2.intro\theater-screen</Filter>
    </ClInclude>
    <ClInclude Include="WBZuzuCityScene.h">
      <Filter>Source Files\scene\2.intro\zuzu-city</Filter>
    </ClInclude>
    <ClInclude Include="WBJojaCorporationScene.h">
      <Filter>Source Files\scene\2.intro\joja-corporation</Filter>
    </ClInclude>
    <ClInclude Include="WBIntroBusScene.h">
      <Filter>Source Files\scene\2.intro\bus</Filter>
    </ClInclude>
    <ClInclude Include="WBIntroStardewValleyScene.h">
      <Filter>Source Files\scene\2.intro\stardew-valley</Filter>
    </ClInclude>
  </ItemGroup>
  <ItemGroup>
    <ClCompile Include="WBCatScript.cpp">
      <Filter>Source Files\script\animal\cat</Filter>
    </ClCompile>
    <ClCompile Include="WBPlayer.cpp">
      <Filter>Source Files\content\player</Filter>
    </ClCompile>
    <ClCompile Include="WBPlayerScript.cpp">
      <Filter>Source Files\script\player</Filter>
    </ClCompile>
    <ClCompile Include="WBCat.cpp">
      <Filter>Source Files\content\animal\cat</Filter>
    </ClCompile>
    <ClCompile Include="WBTitleScene.cpp">
      <Filter>Source Files\scene\1.title</Filter>
    </ClCompile>
    <ClCompile Include="WBLoadingTitleScene.cpp">
      <Filter>Source Files\scene\1.title</Filter>
    </ClCompile>
    <ClCompile Include="WBSewerScene.cpp">
      <Filter>Source Files\scene\3.play\sewer</Filter>
    </ClCompile>
    <ClCompile Include="WBGateSewerScene.cpp">
      <Filter>Source Files\scene\3.play\sewer</Filter>
    </ClCompile>
    <ClCompile Include="WBBeachScene.cpp">
      <Filter>Source Files\scene\4.ending</Filter>
    </ClCompile>
    <ClCompile Include="WBTheaterScreenScene.cpp">
      <Filter>Source Files\scene\4.ending</Filter>
    </ClCompile>
    <ClCompile Include="WBTheaterBoxOfficeScene.cpp">
      <Filter>Source Files\scene\4.ending</Filter>
    </ClCompile>
    <ClCompile Include="WBBusStopScene.cpp">
      <Filter>Source Files\scene\3.play\bus-stop</Filter>
    </ClCompile>
    <ClCompile Include="WBFarmhouseScene.cpp">
      <Filter>Source Files\scene\3.play\farm\farmhouse</Filter>
    </ClCompile>
    <ClCompile Include="WBRanchOfMarnieScene.cpp">
      <Filter>Source Files\scene\3.play\farm\ranch-of-marnie</Filter>
    </ClCompile>
    <ClCompile Include="WBSecretWoodsScene.cpp">
      <Filter>Source Files\scene\3.play\farm\secret-woods</Filter>
    </ClCompile>
    <ClCompile Include="WBShopOfCarpenterScene.cpp">
      <Filter>Source Files\scene\3.play\farm\shop-of-carpenter</Filter>
    </ClCompile>
    <ClCompile Include="WBFarmDownScene.cpp">
      <Filter>Source Files\scene\3.play\farm\farm</Filter>
    </ClCompile>
    <ClCompile Include="WBFarmUpScene.cpp">
      <Filter>Source Files\scene\3.play\farm\farm</Filter>
    </ClCompile>
    <ClCompile Include="WBBlacksmithScene.cpp">
      <Filter>Source Files\scene\3.play\pelican-town\blacksmith</Filter>
    </ClCompile>
    <ClCompile Include="WBGeneralStoreOfPierreScene.cpp">
      <Filter>Source Files\scene\3.play\pelican-town\general-store-of-pierre</Filter>
    </ClCompile>
    <ClCompile Include="WBJojaMartScene.cpp">
      <Filter>Source Files\scene\3.play\pelican-town\joja-mart</Filter>
    </ClCompile>
    <ClCompile Include="WBPelicanTownScene.cpp">
      <Filter>Source Files\scene\3.play\pelican-town\pelican-town</Filter>
    </ClCompile>
    <ClCompile Include="WBRestoredCommunityCenterScene.cpp">
      <Filter>Source Files\scene\3.play\pelican-town\restored-community-center</Filter>
    </ClCompile>
    <ClCompile Include="WBStardropSaloonScene.cpp">
      <Filter>Source Files\scene\3.play\pelican-town\stardrop-saloon</Filter>
    </ClCompile>
    <ClCompile Include="WBIntroTheaterSreenScene.cpp">
      <Filter>Source Files\scene\2.intro\theater-screen</Filter>
    </ClCompile>
    <ClCompile Include="WBZuzuCityScene.cpp">
      <Filter>Source Files\scene\2.intro\zuzu-city</Filter>
    </ClCompile>
    <ClCompile Include="WBJojaCorporationScene.cpp">
      <Filter>Source Files\scene\2.intro\joja-corporation</Filter>
    </ClCompile>
    <ClCompile Include="WBIntroBusScene.cpp">
      <Filter>Source Files\scene\2.intro\bus</Filter>
    </ClCompile>
    <ClCompile Include="WBIntroStardewValleyScene.cpp">
      <Filter>Source Files\scene\2.intro\stardew-valley</Filter>
    </ClCompile>
  </ItemGroup>
</Project>